Microsoft Visual Studio Solution File, Format Version 11.00
# Visual Studio 2008

Project("{EDE59C8E-7CC1-A66A-2B86-73939FA25FC2}") = "Steering Obstacle Avoid", "Assembly-CSharp-firstpass-vs.csproj", "{82B088B6-A850-426D-F0AE-CAFEC7E372BB}"
EndProject
Project("{EDE59C8E-7CC1-A66A-2B86-73939FA25FC2}") = "Steering Obstacle Avoid", "Assembly-CSharp-vs.csproj", "{FA264398-C1DB-575D-00A9-E3886D9A308B}"
EndProject
Project("{EDE59C8E-7CC1-A66A-2B86-73939FA25FC2}") = "Steering Obstacle Avoid", "Assembly-CSharp-Editor-vs.csproj", "{7D2BB792-AC07-CF43-C786-427F4EBB3940}"
EndProject
Global
	GlobalSection(SolutionConfigurationPlatforms) = preSolution
		Debug|Any CPU = Debug|Any CPU
		Release|Any CPU = Release|Any CPU
	EndGlobalSection
	GlobalSection(ProjectConfigurationPlatforms) = postSolution
		{82B088B6-A850-426D-F0AE-CAFEC7E372BB}.Debug|Any CPU.ActiveCfg = Debug|Any CPU
		{82B088B6-A850-426D-F0AE-CAFEC7E372BB}.Debug|Any CPU.Build.0 = Debug|Any CPU
		{82B088B6-A850-426D-F0AE-CAFEC7E372BB}.Release|Any CPU.ActiveCfg = Release|Any CPU
		{82B088B6-A850-426D-F0AE-CAFEC7E372BB}.Release|Any CPU.Build.0 = Release|Any CPU
		{FA264398-C1DB-575D-00A9-E3886D9A308B}.Debug|Any CPU.ActiveCfg = Debug|Any CPU
		{FA264398-C1DB-575D-00A9-E3886D9A308B}.Debug|Any CPU.Build.0 = Debug|Any CPU
		{FA264398-C1DB-575D-00A9-E3886D9A308B}.Release|Any CPU.ActiveCfg = Release|Any CPU
		{FA264398-C1DB-575D-00A9-E3886D9A308B}.Release|Any CPU.Build.0 = Release|Any CPU
		{7D2BB792-AC07-CF43-C786-427F4EBB3940}.Debug|Any CPU.ActiveCfg = Debug|Any CPU
		{7D2BB792-AC07-CF43-C786-427F4EBB3940}.Debug|Any CPU.Build.0 = Debug|Any CPU
		{7D2BB792-AC07-CF43-C786-427F4EBB3940}.Release|Any CPU.ActiveCfg = Release|Any CPU
		{7D2BB792-AC07-CF43-C786-427F4EBB3940}.Release|Any CPU.Build.0 = Release|Any CPU
	EndGlobalSection
	GlobalSection(SolutionProperties) = preSolution
		HideSolutionNode = FALSE
	EndGlobalSection
																																						GlobalSection(MonoDevelopProperties) = preSolution
		StartupItem = Assembly-CSharp.csproj
		Policies = $0
		$0.TextStylePolicy = $1
		$1.inheritsSet = null
		$1.scope = text/x-csharp
		$0.CSharpFormattingPolicy = $2
		$2.inheritsSet = Mono
		$2.inheritsScope = text/x-csharp
		$2.scope = text/x-csharp
		$0.TextStylePolicy = $3
		$3.FileWidth = 120
		$3.TabWidth = 4
		$3.IndentWidth = 4
		$3.EolMarker = Unix
		$3.inheritsSet = Mono
		$3.inheritsScope = text/plain
		$3.scope = text/plain
	EndGlobalSection

EndGlobal
